
Microsoft Visual Studio Solution File, Format Version 12.00
# Visual Studio 15
VisualStudioVersion = 15.0.27703.2042
MinimumVisualStudioVersion = 10.0.40219.1
Project("{8BC9CEB8-8B4A-11D0-8D11-00A0C91BC942}") = "PangPang", "PangPang\PangPang.vcxproj", "{C53F5B8F-50C1-4AC9-9C55-67122E3B1835}"
EndProject
Global
	GlobalSection(SolutionConfigurationPlatforms) = preSolution
		Debug|Win32 = Debug|Win32
		Release|Win32 = Release|Win32
	EndGlobalSection
	GlobalSection(ProjectConfigurationPlatforms) = postSolution
		{C53F5B8F-50C1-4AC9-9C55-67122E3B1835}.Debug|Win32.ActiveCfg = Debug|Win32
		{C53F5B8F-50C1-4AC9-9C55-67122E3B1835}.Debug|Win32.Build.0 = Debug|Win32
		{C53F5B8F-50C1-4AC9-9C55-67122E3B1835}.Release|Win32.ActiveCfg = Release|Win32
		{C53F5B8F-50C1-4AC9-9C55-67122E3B1835}.Release|Win32.Build.0 = Release|Win32
	EndGlobalSection
	GlobalSection(SolutionProperties) = preSolution
		HideSolutionNode = FALSE
	EndGlobalSection
	GlobalSection(ExtensibilityGlobals) = postSolution
		SolutionGuid = {A705DF94-053C-44E9-A966-D2C199E2CF58}
	EndGlobalSection
	GlobalSection(SubversionScc) = preSolution
		Svn-Managed = True
		Manager = AnkhSVN - Subversion Support for Visual Studio
	EndGlobalSection
EndGlobal
